
Microsoft Visual Studio Solution File, Format Version 12.00
# Visual Studio Version 17
VisualStudioVersion = 17.0.32112.339
MinimumVisualStudioVersion = 10.0.40219.1
Project("{FAE04EC0-301F-11D3-BF4B-00C04F79EFBC}") = "DataAccess-ADO.NET", "DataAccess-ADO.NET\DataAccess-ADO.NET.csproj", "{382FF45A-715B-4421-AF56-15DC6CD5FFC5}"
EndProject
Global
	GlobalSection(SolutionConfigurationPlatforms) = preSolution
		Debug|Any CPU = Debug|Any CPU
		Release|Any CPU = Release|Any CPU
	EndGlobalSection
	GlobalSection(ProjectConfigurationPlatforms) = postSolution
		{382FF45A-715B-4421-AF56-15DC6CD5FFC5}.Debug|Any CPU.ActiveCfg = Debug|Any CPU
		{382FF45A-715B-4421-AF56-15DC6CD5FFC5}.Debug|Any CPU.Build.0 = Debug|Any CPU
		{382FF45A-715B-4421-AF56-15DC6CD5FFC5}.Release|Any CPU.ActiveCfg = Release|Any CPU
		{382FF45A-715B-4421-AF56-15DC6CD5FFC5}.Release|Any CPU.Build.0 = Release|Any CPU
	EndGlobalSection
	GlobalSection(SolutionProperties) = preSolution
		HideSolutionNode = FALSE
	EndGlobalSection
	GlobalSection(ExtensibilityGlobals) = postSolution
		SolutionGuid = {54E4EABC-DFB3-4114-88A5-F3FD09BC388E}
	EndGlobalSection
EndGlobal
